Microsoft Visual Studio Solution File, Format Version 12.00
# Visual Studio Version 17
VisualStudioVersion = 17.1.32319.34
MinimumVisualStudioVersion = 10.0.40219.1
Project("{9A19103F-16F7-4668-BE54-9A1E7A4F7556}") = "Kotz.Tests", "Kotz.Tests\Kotz.Tests.csproj", "{DC30E201-3E33-4090-AD0B-9B69C98B6EBC}"
EndProject
Project("{9A19103F-16F7-4668-BE54-9A1E7A4F7556}") = "Kotz.Extensions", "Kotz.Extensions\Kotz.Extensions.csproj", "{FC8B43F0-C00F-43AA-9C5B-09AA867CFA61}"
EndProject
Project("{9A19103F-16F7-4668-BE54-9A1E7A4F7556}") = "Kotz.Collections", "Kotz.Collections\Kotz.Collections.csproj", "{7C6454FA-7915-4219-977F-D137E9DDBFF7}"
EndProject
Project("{2150E333-8FDC-42A3-9474-1A3956D46DE8}") = "Solution Items", "Solution Items", "{F23FF6A8-D2D2-4F12-B265-81097347DE99}"
	ProjectSection(SolutionItems) = preProject
		.editorconfig = .editorconfig
		.gitignore = .gitignore
		Avatar.png = Avatar.png
		BaseCsproj.props = BaseCsproj.props
		LICENSE = LICENSE
		README.md = README.md
	EndProjectSection
EndProject
Project("{9A19103F-16F7-4668-BE54-9A1E7A4F7556}") = "Kotz.ObjectPool", "Kotz.ObjectPool\Kotz.ObjectPool.csproj", "{07422927-522A-49E5-BAC4-4D6BCC278789}"
EndProject
Project("{9A19103F-16F7-4668-BE54-9A1E7A4F7556}") = "Kotz.Utilities", "Kotz.Utilities\Kotz.Utilities.csproj", "{5346077C-B053-40F9-8489-3C20E38A2346}"
EndProject
Project("{9A19103F-16F7-4668-BE54-9A1E7A4F7556}") = "Kotz.Events", "Kotz.Events\Kotz.Events.csproj", "{0047EDF3-0B16-4A01-ACC2-6FF0E16E1916}"
EndProject
Project("{9A19103F-16F7-4668-BE54-9A1E7A4F7556}") = "Kotz.DependencyInjection", "Kotz.DependencyInjection\Kotz.DependencyInjection.csproj", "{9E0460C8-14FD-4611-B0C9-18BDF7B61F85}"
EndProject
Project("{2150E333-8FDC-42A3-9474-1A3956D46DE8}") = ".github", ".github", "{99B7B48D-C665-45A5-9C55-9E0DFCF5BBAF}"
	ProjectSection(SolutionItems) = preProject
		.github\FUNDING.yml = .github\FUNDING.yml
	EndProjectSection
EndProject
Project("{2150E333-8FDC-42A3-9474-1A3956D46DE8}") = "workflows", "workflows", "{5548E74D-E7A4-434E-A7A4-ED37124F22C3}"
	ProjectSection(SolutionItems) = preProject
		.github\workflows\codeql-analysis.yml = .github\workflows\codeql-analysis.yml
		.github\workflows\dotnet.yml = .github\workflows\dotnet.yml
		.github\workflows\publish_nightly.yml = .github\workflows\publish_nightly.yml
		.github\workflows\publish_release.yml = .github\workflows\publish_release.yml
	EndProjectSection
EndProject
Global
	GlobalSection(SolutionConfigurationPlatforms) = preSolution
		Debug|Any CPU = Debug|Any CPU
		Release|Any CPU = Release|Any CPU
	EndGlobalSection
	GlobalSection(ProjectConfigurationPlatforms) = postSolution
		{DC30E201-3E33-4090-AD0B-9B69C98B6EBC}.Debug|Any CPU.ActiveCfg = Debug|Any CPU
		{DC30E201-3E33-4090-AD0B-9B69C98B6EBC}.Debug|Any CPU.Build.0 = Debug|Any CPU
		{DC30E201-3E33-4090-AD0B-9B69C98B6EBC}.Release|Any CPU.ActiveCfg = Release|Any CPU
		{DC30E201-3E33-4090-AD0B-9B69C98B6EBC}.Release|Any CPU.Build.0 = Release|Any CPU
		{FC8B43F0-C00F-43AA-9C5B-09AA867CFA61}.Debug|Any CPU.ActiveCfg = Debug|Any CPU
		{FC8B43F0-C00F-43AA-9C5B-09AA867CFA61}.Debug|Any CPU.Build.0 = Debug|Any CPU
		{FC8B43F0-C00F-43AA-9C5B-09AA867CFA61}.Release|Any CPU.ActiveCfg = Release|Any CPU
		{FC8B43F0-C00F-43AA-9C5B-09AA867CFA61}.Release|Any CPU.Build.0 = Release|Any CPU
		{7C6454FA-7915-4219-977F-D137E9DDBFF7}.Debug|Any CPU.ActiveCfg = Debug|Any CPU
		{7C6454FA-7915-4219-977F-D137E9DDBFF7}.Debug|Any CPU.Build.0 = Debug|Any CPU
		{7C6454FA-7915-4219-977F-D137E9DDBFF7}.Release|Any CPU.ActiveCfg = Release|Any CPU
		{7C6454FA-7915-4219-977F-D137E9DDBFF7}.Release|Any CPU.Build.0 = Release|Any CPU
		{07422927-522A-49E5-BAC4-4D6BCC278789}.Debug|Any CPU.ActiveCfg = Debug|Any CPU
		{07422927-522A-49E5-BAC4-4D6BCC278789}.Debug|Any CPU.Build.0 = Debug|Any CPU
		{07422927-522A-49E5-BAC4-4D6BCC278789}.Release|Any CPU.ActiveCfg = Release|Any CPU
		{07422927-522A-49E5-BAC4-4D6BCC278789}.Release|Any CPU.Build.0 = Release|Any CPU
		{5346077C-B053-40F9-8489-3C20E38A2346}.Debug|Any CPU.ActiveCfg = Debug|Any CPU
		{5346077C-B053-40F9-8489-3C20E38A2346}.Debug|Any CPU.Build.0 = Debug|Any CPU
		{5346077C-B053-40F9-8489-3C20E38A2346}.Release|Any CPU.ActiveCfg = Release|Any CPU
		{5346077C-B053-40F9-8489-3C20E38A2346}.Release|Any CPU.Build.0 = Release|Any CPU
		{0047EDF3-0B16-4A01-ACC2-6FF0E16E1916}.Debug|Any CPU.ActiveCfg = Debug|Any CPU
		{0047EDF3-0B16-4A01-ACC2-6FF0E16E1916}.Debug|Any CPU.Build.0 = Debug|Any CPU
		{0047EDF3-0B16-4A01-ACC2-6FF0E16E1916}.Release|Any CPU.ActiveCfg = Release|Any CPU
		{0047EDF3-0B16-4A01-ACC2-6FF0E16E1916}.Release|Any CPU.Build.0 = Release|Any CPU
		{9E0460C8-14FD-4611-B0C9-18BDF7B61F85}.Debug|Any CPU.ActiveCfg = Debug|Any CPU
		{9E0460C8-14FD-4611-B0C9-18BDF7B61F85}.Debug|Any CPU.Build.0 = Debug|Any CPU
		{9E0460C8-14FD-4611-B0C9-18BDF7B61F85}.Release|Any CPU.ActiveCfg = Release|Any CPU
		{9E0460C8-14FD-4611-B0C9-18BDF7B61F85}.Release|Any CPU.Build.0 = Release|Any CPU
	EndGlobalSection
	GlobalSection(SolutionProperties) = preSolution
		HideSolutionNode = FALSE
	EndGlobalSection
	GlobalSection(NestedProjects) = preSolution
		{99B7B48D-C665-45A5-9C55-9E0DFCF5BBAF} = {F23FF6A8-D2D2-4F12-B265-81097347DE99}
		{5548E74D-E7A4-434E-A7A4-ED37124F22C3} = {99B7B48D-C665-45A5-9C55-9E0DFCF5BBAF}
	EndGlobalSection
	GlobalSection(ExtensibilityGlobals) = postSolution
		SolutionGuid = {392CB218-DE99-4DDD-8E51-A6C4DCA7DAF1}
	EndGlobalSection
EndGlobal
